
Microsoft Visual Studio Solution File, Format Version 12.00
# Visual Studio Express 14 for Windows Desktop
VisualStudioVersion = 14.0.23107.0
MinimumVisualStudioVersion = 10.0.40219.1
Project("{FAE04EC0-301F-11D3-BF4B-00C04F79EFBC}") = "SentenceParser", "SentenceParser\SentenceParser.csproj", "{93AA869C-2B7F-431D-8C5B-7F46F4E73E1D}"
EndProject
Project("{FAE04EC0-301F-11D3-BF4B-00C04F79EFBC}") = "SentenseParser.Tests", "SentenseParser.Tests\SentenseParser.Tests.csproj", "{0D9BBB47-00F8-4A20-A8DA-D60230AF6799}"
EndProject
Global
	GlobalSection(SolutionConfigurationPlatforms) = preSolution
		Debug|Any CPU = Debug|Any CPU
		Release|Any CPU = Release|Any CPU
	EndGlobalSection
	GlobalSection(ProjectConfigurationPlatforms) = postSolution
		{93AA869C-2B7F-431D-8C5B-7F46F4E73E1D}.Debug|Any CPU.ActiveCfg = Debug|Any CPU
		{93AA869C-2B7F-431D-8C5B-7F46F4E73E1D}.Debug|Any CPU.Build.0 = Debug|Any CPU
		{93AA869C-2B7F-431D-8C5B-7F46F4E73E1D}.Release|Any CPU.ActiveCfg = Release|Any CPU
		{93AA869C-2B7F-431D-8C5B-7F46F4E73E1D}.Release|Any CPU.Build.0 = Release|Any CPU
		{0D9BBB47-00F8-4A20-A8DA-D60230AF6799}.Debug|Any CPU.ActiveCfg = Debug|Any CPU
		{0D9BBB47-00F8-4A20-A8DA-D60230AF6799}.Debug|Any CPU.Build.0 = Debug|Any CPU
		{0D9BBB47-00F8-4A20-A8DA-D60230AF6799}.Release|Any CPU.ActiveCfg = Release|Any CPU
		{0D9BBB47-00F8-4A20-A8DA-D60230AF6799}.Release|Any CPU.Build.0 = Release|Any CPU
	EndGlobalSection
	GlobalSection(SolutionProperties) = preSolution
		HideSolutionNode = FALSE
	EndGlobalSection
EndGlobal
